
Microsoft Visual Studio Solution File, Format Version 12.00
# Visual Studio Version 16
VisualStudioVersion = 16.0.32126.315
MinimumVisualStudioVersion = 10.0.40219.1
Project("{FAE04EC0-301F-11D3-BF4B-00C04F79EFBC}") = "Lab11", "Lab11.csproj", "{526ED6D4-F2CD-48C6-A2DF-B2D67AE43F03}"
EndProject
Global
	GlobalSection(SolutionConfigurationPlatforms) = preSolution
		Debug|Any CPU = Debug|Any CPU
		Release|Any CPU = Release|Any CPU
	EndGlobalSection
	GlobalSection(ProjectConfigurationPlatforms) = postSolution
		{526ED6D4-F2CD-48C6-A2DF-B2D67AE43F03}.Debug|Any CPU.ActiveCfg = Debug|Any CPU
		{526ED6D4-F2CD-48C6-A2DF-B2D67AE43F03}.Debug|Any CPU.Build.0 = Debug|Any CPU
		{526ED6D4-F2CD-48C6-A2DF-B2D67AE43F03}.Release|Any CPU.ActiveCfg = Release|Any CPU
		{526ED6D4-F2CD-48C6-A2DF-B2D67AE43F03}.Release|Any CPU.Build.0 = Release|Any CPU
	EndGlobalSection
	GlobalSection(SolutionProperties) = preSolution
		HideSolutionNode = FALSE
	EndGlobalSection
	GlobalSection(ExtensibilityGlobals) = postSolution
		SolutionGuid = {D2543700-6313-4F07-9ACB-BE1C5464FED9}
	EndGlobalSection
EndGlobal
